// !$*UTF8*$!
{
	archiveVersion = 1;
	classes = {
	};
	objectVersion = 56;
	objects = {

/* Begin PBXBuildFile section */
		80E8FB572F53E1B40055F722 /* aleph.icon in Resources */ = {isa = PBXBuildFile; fileRef = 80E8FB562F53E1B40055F722 /* aleph.icon */; };
		80E8FB582F53E1B40055F722 /* aleph.icon in Resources */ = {isa = PBXBuildFile; fileRef = 80E8FB562F53E1B40055F722 /* aleph.icon */; };
		80E8FB592F53E1B40055F722 /* aleph.icon in Resources */ = {isa = PBXBuildFile; fileRef = 80E8FB562F53E1B40055F722 /* aleph.icon */; };
		8C97D6690283A764CE94A201 /* iOSSettingsView.swift in Sources */ = {isa = PBXBuildFile; fileRef = 0EC493E8FA6E6CF24E39B9B1 /* iOSSettingsView.swift */; };
		1162E88A320280C7111F621F /* KeyboardSetupView.swift in Sources */ = {isa = PBXBuildFile; fileRef = 3F1A871DD6607C5DF4ECFEDA /* KeyboardSetupView.swift */; };
		7D1C6342B3EE6E244E76421B /* LearningCenterView.swift in Sources */ = {isa = PBXBuildFile; fileRef = 30A9F7529A8D8277D0F4EE11 /* LearningCenterView.swift */; };
		F1A2B3C4D5E6F7A8B9C0D1E2 /* LearningCenterView.swift in Sources */ = {isa = PBXBuildFile; fileRef = 30A9F7529A8D8277D0F4EE11 /* LearningCenterView.swift */; };
		A1B2C3D400000002 /* LineNumberTextEditor.swift in Sources */ = {isa = PBXBuildFile; fileRef = A1B2C3D400000001 /* LineNumberTextEditor.swift */; };
		B1B2C3D400000002 /* ServiceProvider.swift in Sources */ = {isa = PBXBuildFile; fileRef = B1B2C3D400000001 /* ServiceProvider.swift */; };
		B1B2C3D400000004 /* SettingsView.swift in Sources */ = {isa = PBXBuildFile; fileRef = B1B2C3D400000003 /* SettingsView.swift */; };
		E81000012B0000010000000A /* AlephToolsApp.swift in Sources */ = {isa = PBXBuildFile; fileRef = E81000012B0000010000000B /* AlephToolsApp.swift */; };
		E81000012B0000010000000C /* ContentView.swift in Sources */ = {isa = PBXBuildFile; fileRef = E81000012B0000010000000D /* ContentView.swift */; };
		E81000012B0000010000000E /* Assets.xcassets in Resources */ = {isa = PBXBuildFile; fileRef = E81000012B0000010000000F /* Assets.xcassets */; };
		E81000012B00000100000020 /* HebrewTransformations.swift in Sources */ = {isa = PBXBuildFile; fileRef = E81000012B00000100000021 /* HebrewTransformations.swift */; };
		F00000010000000A /* AlephToolsiOSApp.swift in Sources */ = {isa = PBXBuildFile; fileRef = F000000100000009 /* AlephToolsiOSApp.swift */; };
		F00000010000000C /* iOSContentView.swift in Sources */ = {isa = PBXBuildFile; fileRef = F00000010000000B /* iOSContentView.swift */; };
		F00000010000000D /* HebrewTransformations.swift in Sources */ = {isa = PBXBuildFile; fileRef = E81000012B00000100000021 /* HebrewTransformations.swift */; };
		F00000010000000E /* Assets.xcassets in Resources */ = {isa = PBXBuildFile; fileRef = E81000012B0000010000000F /* Assets.xcassets */; };
		K000000100000005 /* KeyboardViewController.swift in Sources */ = {isa = PBXBuildFile; fileRef = K000000100000002 /* KeyboardViewController.swift */; };
		K000000100000006 /* PaleoKeyboardView.swift in Sources */ = {isa = PBXBuildFile; fileRef = K000000100000003 /* PaleoKeyboardView.swift */; };
		K000000100000012 /* AlephKeyboard.appex in Embed Foundation Extensions */ = {isa = PBXBuildFile; fileRef = K000000100000001 /* AlephKeyboard.appex */; settings = {ATTRIBUTES = (RemoveHeadersOnCopy, ); }; };
		C1A2B3D400000002 /* AppIntents.swift in Sources */ = {isa = PBXBuildFile; fileRef = C1A2B3D400000001 /* AppIntents.swift */; };
		C1A2B3D400000004 /* AlephScriptCommand.swift in Sources */ = {isa = PBXBuildFile; fileRef = C1A2B3D400000003 /* AlephScriptCommand.swift */; };
		C1A2B3D400000006 /* AlephTools.sdef in Resources */ = {isa = PBXBuildFile; fileRef = C1A2B3D400000005 /* AlephTools.sdef */; };
		C1A2B3D400000008 /* AppIntents.swift in Sources */ = {isa = PBXBuildFile; fileRef = C1A2B3D400000001 /* AppIntents.swift */; };
		D1A2B3D400000002 /* NiqqudGenerator.swift in Sources */ = {isa = PBXBuildFile; fileRef = D1A2B3D400000001 /* NiqqudGenerator.swift */; };
		D1A2B3D400000004 /* NiqqudGenerator.swift in Sources */ = {isa = PBXBuildFile; fileRef = D1A2B3D400000001 /* NiqqudGenerator.swift */; };
		E1A2B3D400000002 /* Nakdimon.mlpackage in Sources */ = {isa = PBXBuildFile; fileRef = E1A2B3D400000001 /* Nakdimon.mlpackage */; };
		E1A2B3D400000004 /* Nakdimon.mlpackage in Sources */ = {isa = PBXBuildFile; fileRef = E1A2B3D400000001 /* Nakdimon.mlpackage */; };
		S000000100000005 /* ShareViewController.swift in Sources */ = {isa = PBXBuildFile; fileRef = S000000100000002 /* ShareViewController.swift */; };
		S000000100000006 /* ShareView.swift in Sources */ = {isa = PBXBuildFile; fileRef = S000000100000003 /* ShareView.swift */; };
		S000000100000017 /* HebrewTransformations.swift in Sources */ = {isa = PBXBuildFile; fileRef = E81000012B00000100000021 /* HebrewTransformations.swift */; };
		S000000100000012 /* AlephShare.appex in Embed Foundation Extensions */ = {isa = PBXBuildFile; fileRef = S000000100000001 /* AlephShare.appex */; settings = {ATTRIBUTES = (RemoveHeadersOnCopy, ); }; };
/* End PBXBuildFile section */

/* Begin PBXContainerItemProxy section */
		K00000010000000F /* PBXContainerItemProxy */ = {
			isa = PBXContainerItemProxy;
			containerPortal = E81000012B00000100000000 /* Project object */;
			proxyType = 1;
			remoteGlobalIDString = K00000010000000B;
			remoteInfo = AlephKeyboard;
		};
		S00000010000000F /* PBXContainerItemProxy */ = {
			isa = PBXContainerItemProxy;
			containerPortal = E81000012B00000100000000 /* Project object */;
			proxyType = 1;
			remoteGlobalIDString = S00000010000000B;
			remoteInfo = AlephShare;
		};
/* End PBXContainerItemProxy section */

/* Begin PBXCopyFilesBuildPhase section */
		K000000100000011 /* Embed Foundation Extensions */ = {
			isa = PBXCopyFilesBuildPhase;
			buildActionMask = 2147483647;
			dstPath = "";
			dstSubfolderSpec = 13;
			files = (
				K000000100000012 /* AlephKeyboard.appex in Embed Foundation Extensions */,
				S000000100000012 /* AlephShare.appex in Embed Foundation Extensions */,
			);
			name = "Embed Foundation Extensions";
			runOnlyForDeploymentPostprocessing = 0;
		};
/* End PBXCopyFilesBuildPhase section */

/* Begin PBXFileReference section */
		80E8FB562F53E1B40055F722 /* aleph.icon */ = {isa = PBXFileReference; lastKnownFileType = folder.iconcomposer.icon; path = aleph.icon; sourceTree = "<group>"; };
		0EC493E8FA6E6CF24E39B9B1 /* iOSSettingsView.swift */ = {isa = PBXFileReference; lastKnownFileType = sourcecode.swift; path = iOSSettingsView.swift; sourceTree = "<group>"; };
		3F1A871DD6607C5DF4ECFEDA /* KeyboardSetupView.swift */ = {isa = PBXFileReference; lastKnownFileType = sourcecode.swift; path = KeyboardSetupView.swift; sourceTree = "<group>"; };
		30A9F7529A8D8277D0F4EE11 /* LearningCenterView.swift */ = {isa = PBXFileReference; lastKnownFileType = sourcecode.swift; path = LearningCenterView.swift; sourceTree = "<group>"; };
		A1B2C3D400000001 /* LineNumberTextEditor.swift */ = {isa = PBXFileReference; lastKnownFileType = sourcecode.swift; path = LineNumberTextEditor.swift; sourceTree = "<group>"; };
		B1B2C3D400000001 /* ServiceProvider.swift */ = {isa = PBXFileReference; lastKnownFileType = sourcecode.swift; path = ServiceProvider.swift; sourceTree = "<group>"; };
		B1B2C3D400000003 /* SettingsView.swift */ = {isa = PBXFileReference; lastKnownFileType = sourcecode.swift; path = SettingsView.swift; sourceTree = "<group>"; };
		B1B2C3D400000005 /* Info.plist */ = {isa = PBXFileReference; lastKnownFileType = text.plist.xml; path = Info.plist; sourceTree = "<group>"; };
		E81000012B00000100000001 /* Aleph Tools.app */ = {isa = PBXFileReference; explicitFileType = wrapper.application; includeInIndex = 0; path = "Aleph Tools.app"; sourceTree = BUILT_PRODUCTS_DIR; };
		E81000012B0000010000000B /* AlephToolsApp.swift */ = {isa = PBXFileReference; lastKnownFileType = sourcecode.swift; path = AlephToolsApp.swift; sourceTree = "<group>"; };
		E81000012B0000010000000D /* ContentView.swift */ = {isa = PBXFileReference; lastKnownFileType = sourcecode.swift; path = ContentView.swift; sourceTree = "<group>"; };
		E81000012B0000010000000F /* Assets.xcassets */ = {isa = PBXFileReference; lastKnownFileType = folder.assetcatalog; path = Assets.xcassets; sourceTree = "<group>"; };
		E81000012B00000100000011 /* AlephTools.entitlements */ = {isa = PBXFileReference; lastKnownFileType = text.plist.entitlements; path = AlephTools.entitlements; sourceTree = "<group>"; };
		E81000012B00000100000021 /* HebrewTransformations.swift */ = {isa = PBXFileReference; lastKnownFileType = sourcecode.swift; path = HebrewTransformations.swift; sourceTree = "<group>"; };
		F000000100000001 /* Aleph Tools.app */ = {isa = PBXFileReference; explicitFileType = wrapper.application; includeInIndex = 0; path = "Aleph Tools.app"; sourceTree = BUILT_PRODUCTS_DIR; };
		F000000100000009 /* AlephToolsiOSApp.swift */ = {isa = PBXFileReference; lastKnownFileType = sourcecode.swift; path = AlephToolsiOSApp.swift; sourceTree = "<group>"; };
		F00000010000000B /* iOSContentView.swift */ = {isa = PBXFileReference; lastKnownFileType = sourcecode.swift; path = iOSContentView.swift; sourceTree = "<group>"; };
		K000000100000001 /* AlephKeyboard.appex */ = {isa = PBXFileReference; explicitFileType = "wrapper.app-extension"; includeInIndex = 0; path = AlephKeyboard.appex; sourceTree = BUILT_PRODUCTS_DIR; };
		K000000100000002 /* KeyboardViewController.swift */ = {isa = PBXFileReference; lastKnownFileType = sourcecode.swift; path = KeyboardViewController.swift; sourceTree = "<group>"; };
		K000000100000003 /* PaleoKeyboardView.swift */ = {isa = PBXFileReference; lastKnownFileType = sourcecode.swift; path = PaleoKeyboardView.swift; sourceTree = "<group>"; };
		K000000100000004 /* Info.plist */ = {isa = PBXFileReference; lastKnownFileType = text.plist.xml; path = Info.plist; sourceTree = "<group>"; };
		C1A2B3D400000001 /* AppIntents.swift */ = {isa = PBXFileReference; lastKnownFileType = sourcecode.swift; path = AppIntents.swift; sourceTree = "<group>"; };
		C1A2B3D400000003 /* AlephScriptCommand.swift */ = {isa = PBXFileReference; lastKnownFileType = sourcecode.swift; path = AlephScriptCommand.swift; sourceTree = "<group>"; };
		C1A2B3D400000005 /* AlephTools.sdef */ = {isa = PBXFileReference; lastKnownFileType = text.xml; path = AlephTools.sdef; sourceTree = "<group>"; };
		D1A2B3D400000001 /* NiqqudGenerator.swift */ = {isa = PBXFileReference; lastKnownFileType = sourcecode.swift; path = NiqqudGenerator.swift; sourceTree = "<group>"; };
		E1A2B3D400000001 /* Nakdimon.mlpackage */ = {isa = PBXFileReference; lastKnownFileType = folder.mlpackage; path = Nakdimon.mlpackage; sourceTree = "<group>"; };
		S000000100000001 /* AlephShare.appex */ = {isa = PBXFileReference; explicitFileType = "wrapper.app-extension"; includeInIndex = 0; path = AlephShare.appex; sourceTree = BUILT_PRODUCTS_DIR; };
		S000000100000002 /* ShareViewController.swift */ = {isa = PBXFileReference; lastKnownFileType = sourcecode.swift; path = ShareViewController.swift; sourceTree = "<group>"; };
		S000000100000003 /* ShareView.swift */ = {isa = PBXFileReference; lastKnownFileType = sourcecode.swift; path = ShareView.swift; sourceTree = "<group>"; };
		S000000100000004 /* Info.plist */ = {isa = PBXFileReference; lastKnownFileType = text.plist.xml; path = Info.plist; sourceTree = "<group>"; };
/* End PBXFileReference section */

/* Begin PBXFrameworksBuildPhase section */
		E81000012B00000100000002 /* Frameworks */ = {
			isa = PBXFrameworksBuildPhase;
			buildActionMask = 2147483647;
			files = (
			);
			runOnlyForDeploymentPostprocessing = 0;
		};
		F000000100000004 /* Frameworks */ = {
			isa = PBXFrameworksBuildPhase;
			buildActionMask = 2147483647;
			files = (
			);
			runOnlyForDeploymentPostprocessing = 0;
		};
		K000000100000009 /* Frameworks */ = {
			isa = PBXFrameworksBuildPhase;
			buildActionMask = 2147483647;
			files = (
			);
			runOnlyForDeploymentPostprocessing = 0;
		};
		S000000100000009 /* Frameworks */ = {
			isa = PBXFrameworksBuildPhase;
			buildActionMask = 2147483647;
			files = (
			);
			runOnlyForDeploymentPostprocessing = 0;
		};
/* End PBXFrameworksBuildPhase section */

/* Begin PBXGroup section */
		E81000012B00000100000003 = {
			isa = PBXGroup;
			children = (
				80E8FB562F53E1B40055F722 /* aleph.icon */,
				E81000012B00000100000004 /* AlephTools */,
				F00000010000000F /* AlephToolsiOS */,
				K000000100000007 /* AlephKeyboard */,
				S000000100000020 /* AlephShare */,
				E81000012B00000100000005 /* Products */,
			);
			sourceTree = "<group>";
		};
		E81000012B00000100000004 /* AlephTools */ = {
			isa = PBXGroup;
			children = (
				E81000012B0000010000000B /* AlephToolsApp.swift */,
				E81000012B0000010000000D /* ContentView.swift */,
				B1B2C3D400000001 /* ServiceProvider.swift */,
				B1B2C3D400000003 /* SettingsView.swift */,
				B1B2C3D400000005 /* Info.plist */,
				A1B2C3D400000001 /* LineNumberTextEditor.swift */,
				E81000012B00000100000021 /* HebrewTransformations.swift */,
				C1A2B3D400000001 /* AppIntents.swift */,
				C1A2B3D400000003 /* AlephScriptCommand.swift */,
				C1A2B3D400000005 /* AlephTools.sdef */,
				D1A2B3D400000001 /* NiqqudGenerator.swift */,
				E1A2B3D400000001 /* Nakdimon.mlpackage */,
				E81000012B0000010000000F /* Assets.xcassets */,
						E81000012B00000100000011 /* AlephTools.entitlements */,
			);
			path = AlephTools;
			sourceTree = "<group>";
		};
		E81000012B00000100000005 /* Products */ = {
			isa = PBXGroup;
			children = (
				E81000012B00000100000001 /* Aleph Tools.app */,
				F000000100000001 /* Aleph Tools.app */,
				K000000100000001 /* AlephKeyboard.appex */,
				S000000100000001 /* AlephShare.appex */,
			);
			name = Products;
			sourceTree = "<group>";
		};
		F00000010000000F /* AlephToolsiOS */ = {
			isa = PBXGroup;
			children = (
				F000000100000009 /* AlephToolsiOSApp.swift */,
				F00000010000000B /* iOSContentView.swift */,
				0EC493E8FA6E6CF24E39B9B1 /* iOSSettingsView.swift */,
				3F1A871DD6607C5DF4ECFEDA /* KeyboardSetupView.swift */,
				30A9F7529A8D8277D0F4EE11 /* LearningCenterView.swift */,
			);
			path = AlephToolsiOS;
			sourceTree = "<group>";
		};
		K000000100000007 /* AlephKeyboard */ = {
			isa = PBXGroup;
			children = (
				K000000100000002 /* KeyboardViewController.swift */,
				K000000100000003 /* PaleoKeyboardView.swift */,
				K000000100000004 /* Info.plist */,
			);
			path = AlephKeyboard;
			sourceTree = "<group>";
		};
		S000000100000020 /* AlephShare */ = {
			isa = PBXGroup;
			children = (
				S000000100000002 /* ShareViewController.swift */,
				S000000100000003 /* ShareView.swift */,
				S000000100000004 /* Info.plist */,
			);
			path = AlephShare;
			sourceTree = "<group>";
		};
/* End PBXGroup section */

/* Begin PBXNativeTarget section */
		E81000012B00000100000006 /* AlephTools */ = {
			isa = PBXNativeTarget;
			buildConfigurationList = E81000012B00000100000009 /* Build configuration list for PBXNativeTarget "AlephTools" */;
			buildPhases = (
				E81000012B00000100000007 /* Sources */,
				E81000012B00000100000002 /* Frameworks */,
				E81000012B00000100000008 /* Resources */,
			);
			buildRules = (
			);
			dependencies = (
			);
			name = AlephTools;
			productName = AlephTools;
			productReference = E81000012B00000100000001 /* Aleph Tools.app */;
			productType = "com.apple.product-type.application";
		};
		F000000100000002 /* AlephToolsiOS */ = {
			isa = PBXNativeTarget;
			buildConfigurationList = F000000100000006 /* Build configuration list for PBXNativeTarget "AlephToolsiOS" */;
			buildPhases = (
				F000000100000003 /* Sources */,
				F000000100000004 /* Frameworks */,
				F000000100000005 /* Resources */,
				K000000100000011 /* Embed Foundation Extensions */,
			);
			buildRules = (
			);
			dependencies = (
				K000000100000010 /* PBXTargetDependency */,
				S000000100000010 /* PBXTargetDependency */,
			);
			name = AlephToolsiOS;
			productName = AlephToolsiOS;
			productReference = F000000100000001 /* Aleph Tools.app */;
			productType = "com.apple.product-type.application";
		};
		K00000010000000B /* AlephKeyboard */ = {
			isa = PBXNativeTarget;
			buildConfigurationList = K00000010000000E /* Build configuration list for PBXNativeTarget "AlephKeyboard" */;
			buildPhases = (
				K000000100000008 /* Sources */,
				K000000100000009 /* Frameworks */,
				K00000010000000A /* Resources */,
			);
			buildRules = (
			);
			dependencies = (
			);
			name = AlephKeyboard;
			productName = AlephKeyboard;
			productReference = K000000100000001 /* AlephKeyboard.appex */;
			productType = "com.apple.product-type.app-extension";
		};
		S00000010000000B /* AlephShare */ = {
			isa = PBXNativeTarget;
			buildConfigurationList = S00000010000000E /* Build configuration list for PBXNativeTarget "AlephShare" */;
			buildPhases = (
				S000000100000008 /* Sources */,
				S000000100000009 /* Frameworks */,
				S00000010000000A /* Resources */,
			);
			buildRules = (
			);
			dependencies = (
			);
			name = AlephShare;
			productName = AlephShare;
			productReference = S000000100000001 /* AlephShare.appex */;
			productType = "com.apple.product-type.app-extension";
		};
/* End PBXNativeTarget section */

/* Begin PBXProject section */
		E81000012B00000100000000 /* Project object */ = {
			isa = PBXProject;
			attributes = {
				BuildIndependentTargetsInParallel = 1;
				LastSwiftUpdateCheck = 1500;
				LastUpgradeCheck = 2630;
				TargetAttributes = {
					E81000012B00000100000006 = {
						CreatedOnToolsVersion = 15.0;
					};
					F000000100000002 = {
						CreatedOnToolsVersion = 16.0;
					};
					K00000010000000B = {
						CreatedOnToolsVersion = 16.0;
					};
					S00000010000000B = {
						CreatedOnToolsVersion = 16.0;
					};
				};
			};
			buildConfigurationList = E81000012B0000010000001A /* Build configuration list for PBXProject "AlephTools" */;
			compatibilityVersion = "Xcode 14.0";
			developmentRegion = en;
			hasScannedForEncodings = 0;
			knownRegions = (
				en,
				Base,
				he,
			);
			mainGroup = E81000012B00000100000003;
			productRefGroup = E81000012B00000100000005 /* Products */;
			projectDirPath = "";
			projectRoot = "";
			targets = (
				E81000012B00000100000006 /* AlephTools */,
				F000000100000002 /* AlephToolsiOS */,
				K00000010000000B /* AlephKeyboard */,
				S00000010000000B /* AlephShare */,
			);
		};
/* End PBXProject section */

/* Begin PBXResourcesBuildPhase section */
		E81000012B00000100000008 /* Resources */ = {
			isa = PBXResourcesBuildPhase;
			buildActionMask = 2147483647;
			files = (
				E81000012B0000010000000E /* Assets.xcassets in Resources */,
				C1A2B3D400000006 /* AlephTools.sdef in Resources */,
						80E8FB592F53E1B40055F722 /* aleph.icon in Resources */,
			);
			runOnlyForDeploymentPostprocessing = 0;
		};
		F000000100000005 /* Resources */ = {
			isa = PBXResourcesBuildPhase;
			buildActionMask = 2147483647;
			files = (
				F00000010000000E /* Assets.xcassets in Resources */,
						80E8FB572F53E1B40055F722 /* aleph.icon in Resources */,
			);
			runOnlyForDeploymentPostprocessing = 0;
		};
		K00000010000000A /* Resources */ = {
			isa = PBXResourcesBuildPhase;
			buildActionMask = 2147483647;
			files = (
				80E8FB582F53E1B40055F722 /* aleph.icon in Resources */,
			);
			runOnlyForDeploymentPostprocessing = 0;
		};
		S00000010000000A /* Resources */ = {
			isa = PBXResourcesBuildPhase;
			buildActionMask = 2147483647;
			files = (
			);
			runOnlyForDeploymentPostprocessing = 0;
		};
/* End PBXResourcesBuildPhase section */

/* Begin PBXSourcesBuildPhase section */
		E81000012B00000100000007 /* Sources */ = {
			isa = PBXSourcesBuildPhase;
			buildActionMask = 2147483647;
			files = (
				E81000012B0000010000000A /* AlephToolsApp.swift in Sources */,
				E81000012B0000010000000C /* ContentView.swift in Sources */,
				F1A2B3C4D5E6F7A8B9C0D1E2 /* LearningCenterView.swift in Sources */,
				B1B2C3D400000002 /* ServiceProvider.swift in Sources */,
				B1B2C3D400000004 /* SettingsView.swift in Sources */,
				A1B2C3D400000002 /* LineNumberTextEditor.swift in Sources */,
				E81000012B00000100000020 /* HebrewTransformations.swift in Sources */,
				C1A2B3D400000002 /* AppIntents.swift in Sources */,
				C1A2B3D400000004 /* AlephScriptCommand.swift in Sources */,
				D1A2B3D400000002 /* NiqqudGenerator.swift in Sources */,
				E1A2B3D400000002 /* Nakdimon.mlpackage in Sources */,
			);
			runOnlyForDeploymentPostprocessing = 0;
		};
		F000000100000003 /* Sources */ = {
			isa = PBXSourcesBuildPhase;
			buildActionMask = 2147483647;
			files = (
				F00000010000000A /* AlephToolsiOSApp.swift in Sources */,
				F00000010000000C /* iOSContentView.swift in Sources */,
				8C97D6690283A764CE94A201 /* iOSSettingsView.swift in Sources */,
				1162E88A320280C7111F621F /* KeyboardSetupView.swift in Sources */,
				7D1C6342B3EE6E244E76421B /* LearningCenterView.swift in Sources */,
				F00000010000000D /* HebrewTransformations.swift in Sources */,
				C1A2B3D400000008 /* AppIntents.swift in Sources */,
				D1A2B3D400000004 /* NiqqudGenerator.swift in Sources */,
				E1A2B3D400000004 /* Nakdimon.mlpackage in Sources */,
			);
			runOnlyForDeploymentPostprocessing = 0;
		};
		K000000100000008 /* Sources */ = {
			isa = PBXSourcesBuildPhase;
			buildActionMask = 2147483647;
			files = (
				K000000100000005 /* KeyboardViewController.swift in Sources */,
				K000000100000006 /* PaleoKeyboardView.swift in Sources */,
			);
			runOnlyForDeploymentPostprocessing = 0;
		};
		S000000100000008 /* Sources */ = {
			isa = PBXSourcesBuildPhase;
			buildActionMask = 2147483647;
			files = (
				S000000100000005 /* ShareViewController.swift in Sources */,
				S000000100000006 /* ShareView.swift in Sources */,
				S000000100000017 /* HebrewTransformations.swift in Sources */,
			);
			runOnlyForDeploymentPostprocessing = 0;
		};
/* End PBXSourcesBuildPhase section */

/* Begin PBXTargetDependency section */
		K000000100000010 /* PBXTargetDependency */ = {
			isa = PBXTargetDependency;
			target = K00000010000000B /* AlephKeyboard */;
			targetProxy = K00000010000000F /* PBXContainerItemProxy */;
		};
		S000000100000010 /* PBXTargetDependency */ = {
			isa = PBXTargetDependency;
			target = S00000010000000B /* AlephShare */;
			targetProxy = S00000010000000F /* PBXContainerItemProxy */;
		};
/* End PBXTargetDependency section */

/* Begin XCBuildConfiguration section */
		E81000012B00000100000012 /* Debug */ = {
			isa = XCBuildConfiguration;
			buildSettings = {
				ALWAYS_SEARCH_USER_PATHS = NO;
				ASSETCATALOG_COMPILER_GENERATE_SWIFT_ASSET_SYMBOL_EXTENSIONS = YES;
				CLANG_ANALYZER_LOCALIZABILITY_NONLOCALIZED = YES;
				CLANG_ANALYZER_NONNULL = YES;
				CLANG_ANALYZER_NUMBER_OBJECT_CONVERSION = YES_AGGRESSIVE;
				CLANG_CXX_LANGUAGE_STANDARD = "gnu++20";
				CLANG_ENABLE_MODULES = YES;
				CLANG_ENABLE_OBJC_ARC = YES;
				CLANG_ENABLE_OBJC_WEAK = YES;
				CLANG_WARN_BLOCK_CAPTURE_AUTORELEASING = YES;
				CLANG_WARN_BOOL_CONVERSION = YES;
				CLANG_WARN_COMMA = YES;
				CLANG_WARN_CONSTANT_CONVERSION = YES;
				CLANG_WARN_DEPRECATED_OBJC_IMPLEMENTATIONS = YES;
				CLANG_WARN_DIRECT_OBJC_ISA_USAGE = YES_ERROR;
				CLANG_WARN_DOCUMENTATION_COMMENTS = YES;
				CLANG_WARN_EMPTY_BODY = YES;
				CLANG_WARN_ENUM_CONVERSION = YES;
				CLANG_WARN_INFINITE_RECURSION = YES;
				CLANG_WARN_INT_CONVERSION = YES;
				CLANG_WARN_NON_LITERAL_NULL_CONVERSION = YES;
				CLANG_WARN_OBJC_IMPLICIT_RETAIN_SELF = YES;
				CLANG_WARN_OBJC_LITERAL_CONVERSION = YES;
				CLANG_WARN_OBJC_ROOT_CLASS = YES_ERROR;
				CLANG_WARN_QUOTED_INCLUDE_IN_FRAMEWORK_HEADER = YES;
				CLANG_WARN_RANGE_LOOP_ANALYSIS = YES;
				CLANG_WARN_STRICT_PROTOTYPES = YES;
				CLANG_WARN_SUSPICIOUS_MOVE = YES;
				CLANG_WARN_UNGUARDED_AVAILABILITY = YES_AGGRESSIVE;
				CLANG_WARN_UNREACHABLE_CODE = YES;
				CLANG_WARN__DUPLICATE_METHOD_MATCH = YES;
				COPY_PHASE_STRIP = NO;
				DEAD_CODE_STRIPPING = YES;
				DEBUG_INFORMATION_FORMAT = dwarf;
				ENABLE_STRICT_OBJC_MSGSEND = YES;
				ENABLE_TESTABILITY = YES;
				ENABLE_USER_SCRIPT_SANDBOXING = YES;
				GCC_C_LANGUAGE_STANDARD = gnu17;
				GCC_DYNAMIC_NO_PIC = NO;
				GCC_NO_COMMON_BLOCKS = YES;
				GCC_OPTIMIZATION_LEVEL = 0;
				GCC_PREPROCESSOR_DEFINITIONS = (
					"DEBUG=1",
					"$(inherited)",
				);
				GCC_WARN_64_TO_32_BIT_CONVERSION = YES;
				GCC_WARN_ABOUT_RETURN_TYPE = YES_ERROR;
				GCC_WARN_UNDECLARED_SELECTOR = YES;
				GCC_WARN_UNINITIALIZED_AUTOS = YES_AGGRESSIVE;
				GCC_WARN_UNUSED_FUNCTION = YES;
				GCC_WARN_UNUSED_VARIABLE = YES;
				MACOSX_DEPLOYMENT_TARGET = 14.0;
				MTL_ENABLE_DEBUG_INFO = INCLUDE_SOURCE;
				MTL_FAST_MATH = YES;
				ONLY_ACTIVE_ARCH = YES;
				SDKROOT = macosx;
				STRING_CATALOG_GENERATE_SYMBOLS = YES;
				SWIFT_ACTIVE_COMPILATION_CONDITIONS = "DEBUG $(inherited)";
				SWIFT_OPTIMIZATION_LEVEL = "-Onone";
			};
			name = Debug;
		};
		E81000012B00000100000013 /* Release */ = {
			isa = XCBuildConfiguration;
			buildSettings = {
				ALWAYS_SEARCH_USER_PATHS = NO;
				ASSETCATALOG_COMPILER_GENERATE_SWIFT_ASSET_SYMBOL_EXTENSIONS = YES;
				CLANG_ANALYZER_LOCALIZABILITY_NONLOCALIZED = YES;
				CLANG_ANALYZER_NONNULL = YES;
				CLANG_ANALYZER_NUMBER_OBJECT_CONVERSION = YES_AGGRESSIVE;
				CLANG_CXX_LANGUAGE_STANDARD = "gnu++20";
				CLANG_ENABLE_MODULES = YES;
				CLANG_ENABLE_OBJC_ARC = YES;
				CLANG_ENABLE_OBJC_WEAK = YES;
				CLANG_WARN_BLOCK_CAPTURE_AUTORELEASING = YES;
				CLANG_WARN_BOOL_CONVERSION = YES;
				CLANG_WARN_COMMA = YES;
				CLANG_WARN_CONSTANT_CONVERSION = YES;
				CLANG_WARN_DEPRECATED_OBJC_IMPLEMENTATIONS = YES;
				CLANG_WARN_DIRECT_OBJC_ISA_USAGE = YES_ERROR;
				CLANG_WARN_DOCUMENTATION_COMMENTS = YES;
				CLANG_WARN_EMPTY_BODY = YES;
				CLANG_WARN_ENUM_CONVERSION = YES;
				CLANG_WARN_INFINITE_RECURSION = YES;
				CLANG_WARN_INT_CONVERSION = YES;
				CLANG_WARN_NON_LITERAL_NULL_CONVERSION = YES;
				CLANG_WARN_OBJC_IMPLICIT_RETAIN_SELF = YES;
				CLANG_WARN_OBJC_LITERAL_CONVERSION = YES;
				CLANG_WARN_OBJC_ROOT_CLASS = YES_ERROR;
				CLANG_WARN_QUOTED_INCLUDE_IN_FRAMEWORK_HEADER = YES;
				CLANG_WARN_RANGE_LOOP_ANALYSIS = YES;
				CLANG_WARN_STRICT_PROTOTYPES = YES;
				CLANG_WARN_SUSPICIOUS_MOVE = YES;
				CLANG_WARN_UNGUARDED_AVAILABILITY = YES_AGGRESSIVE;
				CLANG_WARN_UNREACHABLE_CODE = YES;
				CLANG_WARN__DUPLICATE_METHOD_MATCH = YES;
				COPY_PHASE_STRIP = NO;
				DEAD_CODE_STRIPPING = YES;
				DEBUG_INFORMATION_FORMAT = "dwarf-with-dsym";
				ENABLE_NS_ASSERTIONS = NO;
				ENABLE_STRICT_OBJC_MSGSEND = YES;
				ENABLE_USER_SCRIPT_SANDBOXING = YES;
				GCC_C_LANGUAGE_STANDARD = gnu17;
				GCC_NO_COMMON_BLOCKS = YES;
				GCC_WARN_64_TO_32_BIT_CONVERSION = YES;
				GCC_WARN_ABOUT_RETURN_TYPE = YES_ERROR;
				GCC_WARN_UNDECLARED_SELECTOR = YES;
				GCC_WARN_UNINITIALIZED_AUTOS = YES_AGGRESSIVE;
				GCC_WARN_UNUSED_FUNCTION = YES;
				GCC_WARN_UNUSED_VARIABLE = YES;
				MACOSX_DEPLOYMENT_TARGET = 14.0;
				MTL_ENABLE_DEBUG_INFO = NO;
				MTL_FAST_MATH = YES;
				SDKROOT = macosx;
				STRING_CATALOG_GENERATE_SYMBOLS = YES;
				SWIFT_COMPILATION_MODE = wholemodule;
			};
			name = Release;
		};
		E81000012B00000100000014 /* Debug */ = {
			isa = XCBuildConfiguration;
			buildSettings = {
				ASSETCATALOG_COMPILER_APPICON_NAME = aleph;
				ASSETCATALOG_COMPILER_GLOBAL_ACCENT_COLOR_NAME = AccentColor;
				ASSETCATALOG_COMPILER_INCLUDE_ALL_APPICON_ASSETS = YES;
				CODE_SIGN_ENTITLEMENTS = AlephTools/AlephTools.entitlements;
				CODE_SIGN_STYLE = Automatic;
				COMBINE_HIDPI_IMAGES = YES;
				CURRENT_PROJECT_VERSION = 1;
				DEAD_CODE_STRIPPING = YES;
				DEVELOPMENT_ASSET_PATHS = "";
				DEVELOPMENT_TEAM = 444XUVT54V;
				ENABLE_PREVIEWS = YES;
				GENERATE_INFOPLIST_FILE = YES;
				INFOPLIST_FILE = AlephTools/Info.plist;
				INFOPLIST_KEY_NSHumanReadableCopyright = "";
				LD_RUNPATH_SEARCH_PATHS = (
					"$(inherited)",
					"@executable_path/../Frameworks",
				);
				MARKETING_VERSION = 1.0;
				PRODUCT_BUNDLE_IDENTIFIER = com.alephtools.AlephTools;
				PRODUCT_NAME = "Aleph Tools";
				SWIFT_EMIT_LOC_STRINGS = YES;
				SWIFT_VERSION = 5.0;
			};
			name = Debug;
		};
		E81000012B00000100000015 /* Release */ = {
			isa = XCBuildConfiguration;
			buildSettings = {
				ASSETCATALOG_COMPILER_APPICON_NAME = aleph;
				ASSETCATALOG_COMPILER_GLOBAL_ACCENT_COLOR_NAME = AccentColor;
				ASSETCATALOG_COMPILER_INCLUDE_ALL_APPICON_ASSETS = YES;
				CODE_SIGN_ENTITLEMENTS = AlephTools/AlephTools.entitlements;
				CODE_SIGN_STYLE = Automatic;
				COMBINE_HIDPI_IMAGES = YES;
				CURRENT_PROJECT_VERSION = 1;
				DEAD_CODE_STRIPPING = YES;
				DEVELOPMENT_ASSET_PATHS = "";
				DEVELOPMENT_TEAM = 444XUVT54V;
				ENABLE_PREVIEWS = YES;
				GENERATE_INFOPLIST_FILE = YES;
				INFOPLIST_FILE = AlephTools/Info.plist;
				INFOPLIST_KEY_NSHumanReadableCopyright = "";
				LD_RUNPATH_SEARCH_PATHS = (
					"$(inherited)",
					"@executable_path/../Frameworks",
				);
				MARKETING_VERSION = 1.0;
				PRODUCT_BUNDLE_IDENTIFIER = com.alephtools.AlephTools;
				PRODUCT_NAME = "Aleph Tools";
				SWIFT_EMIT_LOC_STRINGS = YES;
				SWIFT_VERSION = 5.0;
			};
			name = Release;
		};
		F000000100000007 /* Debug */ = {
			isa = XCBuildConfiguration;
			buildSettings = {
				ASSETCATALOG_COMPILER_APPICON_NAME = aleph;
				ASSETCATALOG_COMPILER_GLOBAL_ACCENT_COLOR_NAME = AccentColor;
				ASSETCATALOG_COMPILER_INCLUDE_ALL_APPICON_ASSETS = YES;
				CODE_SIGN_STYLE = Automatic;
				CURRENT_PROJECT_VERSION = 1;
				DEVELOPMENT_ASSET_PATHS = "";
				DEVELOPMENT_TEAM = 444XUVT54V;
				ENABLE_PREVIEWS = YES;
				GENERATE_INFOPLIST_FILE = YES;
				INFOPLIST_KEY_CFBundleDisplayName = "Aleph Tools";
				INFOPLIST_KEY_UIApplicationSceneManifest_Generation = YES;
				INFOPLIST_KEY_UIApplicationSupportsIndirectInputEvents = YES;
				INFOPLIST_KEY_UILaunchScreen_Generation = YES;
				INFOPLIST_KEY_UISupportedInterfaceOrientations_iPad = "UIInterfaceOrientationPortrait UIInterfaceOrientationPortraitUpsideDown UIInterfaceOrientationLandscapeLeft UIInterfaceOrientationLandscapeRight";
				INFOPLIST_KEY_UISupportedInterfaceOrientations_iPhone = UIInterfaceOrientationAllButUpsideDown;
				IPHONEOS_DEPLOYMENT_TARGET = 26.0;
				LD_RUNPATH_SEARCH_PATHS = (
					"$(inherited)",
					"@executable_path/Frameworks",
				);
				MARKETING_VERSION = 1.0;
				PRODUCT_BUNDLE_IDENTIFIER = com.alephtools.AlephToolsiOS;
				PRODUCT_NAME = "Aleph Tools";
				SDKROOT = iphoneos;
				SWIFT_EMIT_LOC_STRINGS = YES;
				SWIFT_VERSION = 5.0;
				TARGETED_DEVICE_FAMILY = "1,2";
			};
			name = Debug;
		};
		F000000100000008 /* Release */ = {
			isa = XCBuildConfiguration;
			buildSettings = {
				ASSETCATALOG_COMPILER_APPICON_NAME = aleph;
				ASSETCATALOG_COMPILER_GLOBAL_ACCENT_COLOR_NAME = AccentColor;
				ASSETCATALOG_COMPILER_INCLUDE_ALL_APPICON_ASSETS = YES;
				CODE_SIGN_STYLE = Automatic;
				CURRENT_PROJECT_VERSION = 1;
				DEVELOPMENT_ASSET_PATHS = "";
				DEVELOPMENT_TEAM = 444XUVT54V;
				ENABLE_PREVIEWS = YES;
				GENERATE_INFOPLIST_FILE = YES;
				INFOPLIST_KEY_CFBundleDisplayName = "Aleph Tools";
				INFOPLIST_KEY_UIApplicationSceneManifest_Generation = YES;
				INFOPLIST_KEY_UIApplicationSupportsIndirectInputEvents = YES;
				INFOPLIST_KEY_UILaunchScreen_Generation = YES;
				INFOPLIST_KEY_UISupportedInterfaceOrientations_iPad = "UIInterfaceOrientationPortrait UIInterfaceOrientationPortraitUpsideDown UIInterfaceOrientationLandscapeLeft UIInterfaceOrientationLandscapeRight";
				INFOPLIST_KEY_UISupportedInterfaceOrientations_iPhone = UIInterfaceOrientationAllButUpsideDown;
				IPHONEOS_DEPLOYMENT_TARGET = 26.0;
				LD_RUNPATH_SEARCH_PATHS = (
					"$(inherited)",
					"@executable_path/Frameworks",
				);
				MARKETING_VERSION = 1.0;
				PRODUCT_BUNDLE_IDENTIFIER = com.alephtools.AlephToolsiOS;
				PRODUCT_NAME = "Aleph Tools";
				SDKROOT = iphoneos;
				SWIFT_EMIT_LOC_STRINGS = YES;
				SWIFT_VERSION = 5.0;
				TARGETED_DEVICE_FAMILY = "1,2";
				VALIDATE_PRODUCT = YES;
			};
			name = Release;
		};
		K00000010000000C /* Debug */ = {
			isa = XCBuildConfiguration;
			buildSettings = {
				CODE_SIGN_STYLE = Automatic;
				CURRENT_PROJECT_VERSION = 1;
				DEVELOPMENT_TEAM = 444XUVT54V;
				GENERATE_INFOPLIST_FILE = NO;
				INFOPLIST_FILE = AlephKeyboard/Info.plist;
				IPHONEOS_DEPLOYMENT_TARGET = 26.0;
				LD_RUNPATH_SEARCH_PATHS = (
					"$(inherited)",
					"@executable_path/Frameworks",
					"@executable_path/../../Frameworks",
				);
				MARKETING_VERSION = 1.0;
				PRODUCT_BUNDLE_IDENTIFIER = com.alephtools.AlephToolsiOS.AlephKeyboard;
				PRODUCT_NAME = "$(TARGET_NAME)";
				SDKROOT = iphoneos;
				SKIP_INSTALL = YES;
				SWIFT_EMIT_LOC_STRINGS = YES;
				SWIFT_VERSION = 5.0;
				TARGETED_DEVICE_FAMILY = "1,2";
			};
			name = Debug;
		};
		K00000010000000D /* Release */ = {
			isa = XCBuildConfiguration;
			buildSettings = {
				CODE_SIGN_STYLE = Automatic;
				CURRENT_PROJECT_VERSION = 1;
				DEVELOPMENT_TEAM = 444XUVT54V;
				GENERATE_INFOPLIST_FILE = NO;
				INFOPLIST_FILE = AlephKeyboard/Info.plist;
				IPHONEOS_DEPLOYMENT_TARGET = 26.0;
				LD_RUNPATH_SEARCH_PATHS = (
					"$(inherited)",
					"@executable_path/Frameworks",
					"@executable_path/../../Frameworks",
				);
				MARKETING_VERSION = 1.0;
				PRODUCT_BUNDLE_IDENTIFIER = com.alephtools.AlephToolsiOS.AlephKeyboard;
				PRODUCT_NAME = "$(TARGET_NAME)";
				SDKROOT = iphoneos;
				SKIP_INSTALL = YES;
				SWIFT_EMIT_LOC_STRINGS = YES;
				SWIFT_VERSION = 5.0;
				TARGETED_DEVICE_FAMILY = "1,2";
				VALIDATE_PRODUCT = YES;
			};
			name = Release;
		};
		S00000010000000C /* Debug */ = {
			isa = XCBuildConfiguration;
			buildSettings = {
				CODE_SIGN_STYLE = Automatic;
				CURRENT_PROJECT_VERSION = 1;
				DEVELOPMENT_TEAM = 444XUVT54V;
				GENERATE_INFOPLIST_FILE = NO;
				INFOPLIST_FILE = AlephShare/Info.plist;
				IPHONEOS_DEPLOYMENT_TARGET = 26.0;
				LD_RUNPATH_SEARCH_PATHS = (
					"$(inherited)",
					"@executable_path/Frameworks",
					"@executable_path/../../Frameworks",
				);
				MARKETING_VERSION = 1.0;
				PRODUCT_BUNDLE_IDENTIFIER = com.alephtools.AlephToolsiOS.AlephShare;
				PRODUCT_NAME = "$(TARGET_NAME)";
				SDKROOT = iphoneos;
				SKIP_INSTALL = YES;
				SWIFT_EMIT_LOC_STRINGS = YES;
				SWIFT_VERSION = 5.0;
				TARGETED_DEVICE_FAMILY = "1,2";
			};
			name = Debug;
		};
		S00000010000000D /* Release */ = {
			isa = XCBuildConfiguration;
			buildSettings = {
				CODE_SIGN_STYLE = Automatic;
				CURRENT_PROJECT_VERSION = 1;
				DEVELOPMENT_TEAM = 444XUVT54V;
				GENERATE_INFOPLIST_FILE = NO;
				INFOPLIST_FILE = AlephShare/Info.plist;
				IPHONEOS_DEPLOYMENT_TARGET = 26.0;
				LD_RUNPATH_SEARCH_PATHS = (
					"$(inherited)",
					"@executable_path/Frameworks",
					"@executable_path/../../Frameworks",
				);
				MARKETING_VERSION = 1.0;
				PRODUCT_BUNDLE_IDENTIFIER = com.alephtools.AlephToolsiOS.AlephShare;
				PRODUCT_NAME = "$(TARGET_NAME)";
				SDKROOT = iphoneos;
				SKIP_INSTALL = YES;
				SWIFT_EMIT_LOC_STRINGS = YES;
				SWIFT_VERSION = 5.0;
				TARGETED_DEVICE_FAMILY = "1,2";
				VALIDATE_PRODUCT = YES;
			};
			name = Release;
		};
/* End XCBuildConfiguration section */

/* Begin XCConfigurationList section */
		E81000012B00000100000009 /* Build configuration list for PBXNativeTarget "AlephTools" */ = {
			isa = XCConfigurationList;
			buildConfigurations = (
				E81000012B00000100000014 /* Debug */,
				E81000012B00000100000015 /* Release */,
			);
			defaultConfigurationIsVisible = 0;
			defaultConfigurationName = Release;
		};
		E81000012B0000010000001A /* Build configuration list for PBXProject "AlephTools" */ = {
			isa = XCConfigurationList;
			buildConfigurations = (
				E81000012B00000100000012 /* Debug */,
				E81000012B00000100000013 /* Release */,
			);
			defaultConfigurationIsVisible = 0;
			defaultConfigurationName = Release;
		};
		F000000100000006 /* Build configuration list for PBXNativeTarget "AlephToolsiOS" */ = {
			isa = XCConfigurationList;
			buildConfigurations = (
				F000000100000007 /* Debug */,
				F000000100000008 /* Release */,
			);
			defaultConfigurationIsVisible = 0;
			defaultConfigurationName = Release;
		};
		K00000010000000E /* Build configuration list for PBXNativeTarget "AlephKeyboard" */ = {
			isa = XCConfigurationList;
			buildConfigurations = (
				K00000010000000C /* Debug */,
				K00000010000000D /* Release */,
			);
			defaultConfigurationIsVisible = 0;
			defaultConfigurationName = Release;
		};
		S00000010000000E /* Build configuration list for PBXNativeTarget "AlephShare" */ = {
			isa = XCConfigurationList;
			buildConfigurations = (
				S00000010000000C /* Debug */,
				S00000010000000D /* Release */,
			);
			defaultConfigurationIsVisible = 0;
			defaultConfigurationName = Release;
		};
/* End XCConfigurationList section */
	};
	rootObject = E81000012B00000100000000 /* Project object */;
}
